
Microsoft Visual Studio Solution File, Format Version 12.00
# Visual Studio 2012
Project("{FAE04EC0-301F-11D3-BF4B-00C04F79EFBC}") = "AGENT.Contrib", "Agent.Contrib\AGENT.Contrib.csproj", "{C13C6D79-545D-40EB-9F3C-8746C99C259C}"
EndProject
Project("{FAE04EC0-301F-11D3-BF4B-00C04F79EFBC}") = "SimpleWatchFace", "Agent.Contrib\Samples\SimpleWatchFace\SimpleWatchFace.csproj", "{9E317A55-A986-450D-971B-2D6C7906238A}"
EndProject
Project("{FAE04EC0-301F-11D3-BF4B-00C04F79EFBC}") = "SimpleWatchFaceWithButtons", "Agent.Contrib\Samples\SimpleWatchFaceWithButtons\SimpleWatchFaceWithButtons.csproj", "{E8892082-8C3D-42C7-9B7E-C5856FA23AE4}"
EndProject
Project("{FAE04EC0-301F-11D3-BF4B-00C04F79EFBC}") = "BatterySizesWatchFace", "Agent.Contrib\Samples\BatterySizesWatchFace\BatterySizesWatchFace.csproj", "{1A12E599-A407-40A8-8C71-61CF2BF9AB90}"
EndProject
Project("{FAE04EC0-301F-11D3-BF4B-00C04F79EFBC}") = "WeatherFace", "Agent.Contrib\Samples\WeatherFace\WeatherFace.csproj", "{1529E94B-DD8A-4F1B-A35A-60AB0297BFAF}"
EndProject
Project("{FAE04EC0-301F-11D3-BF4B-00C04F79EFBC}") = "DigitalTimeWatchFace", "Agent.Contrib\Samples\DigitalTimeWatchFace\DigitalTimeWatchFace.csproj", "{386B6B2E-1EDE-4EF6-A27F-8639B38E3617}"
EndProject
Project("{FAE04EC0-301F-11D3-BF4B-00C04F79EFBC}") = "AnalogWatchFace", "Agent.Contrib\Samples\AnalogWatchFace\AnalogWatchFace.csproj", "{7B16939E-21C8-47FB-9596-2823B8E178E5}"
EndProject
Project("{FAE04EC0-301F-11D3-BF4B-00C04F79EFBC}") = "MonthWatchFace", "Agent.Contrib\Samples\MonthWatchFace\MonthWatchFace.csproj", "{DC9766FF-D2BD-4988-8537-384F5A400AB1}"
EndProject
Project("{FAE04EC0-301F-11D3-BF4B-00C04F79EFBC}") = "MultiButtons", "Agent.Contrib\Samples\MultiButtons\MultiButtons.csproj", "{661A80CB-C181-4D70-BEB5-C2DF34021F29}"
EndProject
Project("{FAE04EC0-301F-11D3-BF4B-00C04F79EFBC}") = "AGENT.SimpleCalculator", "Agent.Contrib\Samples\Agent.SimpleCalculator\AGENT.SimpleCalculator.csproj", "{C38B8D0D-F92D-47D3-8D8F-7CD59C86DCE2}"
EndProject
Project("{FAE04EC0-301F-11D3-BF4B-00C04F79EFBC}") = "FunWithButtons", "Agent.Contrib\Samples\FunWithButtons\FunWithButtons.csproj", "{CF3CD7A3-1F03-423B-AC49-4634948AF6FB}"
EndProject
Project("{FAE04EC0-301F-11D3-BF4B-00C04F79EFBC}") = "AccelerometerDemo", "Agent.Contrib\Samples\AccelerometerDemo\AccelerometerDemo.csproj", "{3A0EA25B-236C-415C-8904-CB4B3552B722}"
EndProject
Project("{FAE04EC0-301F-11D3-BF4B-00C04F79EFBC}") = "PolyFillDemo", "Agent.Contrib\Samples\PolyFillDemo\PolyFillDemo.csproj", "{56061836-AB21-4553-A596-C82381B25BD6}"
	ProjectSection(ProjectDependencies) = postProject
		{C13C6D79-545D-40EB-9F3C-8746C99C259C} = {C13C6D79-545D-40EB-9F3C-8746C99C259C}
	EndProjectSection
EndProject
Project("{FAE04EC0-301F-11D3-BF4B-00C04F79EFBC}") = "BasicBluetooth", "Agent.Contrib\Samples\BasicBluetooth\BasicBluetooth.csproj", "{66C77DB4-2EB8-4D2D-AB29-51972DA80C26}"
EndProject
Project("{FAE04EC0-301F-11D3-BF4B-00C04F79EFBC}") = "AGENT.Menu", "Agent.Contrib\Samples\Agent.Menu\AGENT.Menu.csproj", "{287C7DA6-EA6B-4FF5-AD29-E620D13F5066}"
EndProject
Project("{FAE04EC0-301F-11D3-BF4B-00C04F79EFBC}") = "Countdown.Viber.App", "Agent.Contrib\Samples\Countdown.Viber.App\Countdown.Viber.App.csproj", "{1716ED7E-9C46-42C0-A43F-014B3088C628}"
EndProject
Project("{2150E333-8FDC-42A3-9474-1A3956D46DE8}") = "Tools", "Tools", "{B6E4C0AB-B39C-4383-BB6B-E371BD476FAD}"
EndProject
Project("{FAE04EC0-301F-11D3-BF4B-00C04F79EFBC}") = "GifCompressor", "Tools\GifCompressor\GifCompressor.csproj", "{02DC17D0-39F6-449D-8FAC-0FEF17540666}"
EndProject
Project("{2150E333-8FDC-42A3-9474-1A3956D46DE8}") = "1bitter", "1bitter", "{B0591767-E80F-4396-8D73-F5336F786CBD}"
	ProjectSection(SolutionItems) = preProject
		Tools\1bitter\1bitter.exe = Tools\1bitter\1bitter.exe
		Tools\1bitter\README.MD = Tools\1bitter\README.MD
	EndProjectSection
EndProject
Global
	GlobalSection(SolutionConfigurationPlatforms) = preSolution
		Debug|Any CPU = Debug|Any CPU
		Release|Any CPU = Release|Any CPU
	EndGlobalSection
	GlobalSection(ProjectConfigurationPlatforms) = postSolution
		{C13C6D79-545D-40EB-9F3C-8746C99C259C}.Debug|Any CPU.ActiveCfg = Debug|Any CPU
		{C13C6D79-545D-40EB-9F3C-8746C99C259C}.Debug|Any CPU.Build.0 = Debug|Any CPU
		{C13C6D79-545D-40EB-9F3C-8746C99C259C}.Release|Any CPU.ActiveCfg = Release|Any CPU
		{C13C6D79-545D-40EB-9F3C-8746C99C259C}.Release|Any CPU.Build.0 = Release|Any CPU
		{9E317A55-A986-450D-971B-2D6C7906238A}.Debug|Any CPU.ActiveCfg = Debug|Any CPU
		{9E317A55-A986-450D-971B-2D6C7906238A}.Debug|Any CPU.Build.0 = Debug|Any CPU
		{9E317A55-A986-450D-971B-2D6C7906238A}.Debug|Any CPU.Deploy.0 = Debug|Any CPU
		{9E317A55-A986-450D-971B-2D6C7906238A}.Release|Any CPU.ActiveCfg = Release|Any CPU
		{9E317A55-A986-450D-971B-2D6C7906238A}.Release|Any CPU.Build.0 = Release|Any CPU
		{9E317A55-A986-450D-971B-2D6C7906238A}.Release|Any CPU.Deploy.0 = Release|Any CPU
		{E8892082-8C3D-42C7-9B7E-C5856FA23AE4}.Debug|Any CPU.ActiveCfg = Debug|Any CPU
		{E8892082-8C3D-42C7-9B7E-C5856FA23AE4}.Debug|Any CPU.Build.0 = Debug|Any CPU
		{E8892082-8C3D-42C7-9B7E-C5856FA23AE4}.Debug|Any CPU.Deploy.0 = Debug|Any CPU
		{E8892082-8C3D-42C7-9B7E-C5856FA23AE4}.Release|Any CPU.ActiveCfg = Release|Any CPU
		{E8892082-8C3D-42C7-9B7E-C5856FA23AE4}.Release|Any CPU.Build.0 = Release|Any CPU
		{E8892082-8C3D-42C7-9B7E-C5856FA23AE4}.Release|Any CPU.Deploy.0 = Release|Any CPU
		{1A12E599-A407-40A8-8C71-61CF2BF9AB90}.Debug|Any CPU.ActiveCfg = Debug|Any CPU
		{1A12E599-A407-40A8-8C71-61CF2BF9AB90}.Debug|Any CPU.Build.0 = Debug|Any CPU
		{1A12E599-A407-40A8-8C71-61CF2BF9AB90}.Debug|Any CPU.Deploy.0 = Debug|Any CPU
		{1A12E599-A407-40A8-8C71-61CF2BF9AB90}.Release|Any CPU.ActiveCfg = Release|Any CPU
		{1A12E599-A407-40A8-8C71-61CF2BF9AB90}.Release|Any CPU.Build.0 = Release|Any CPU
		{1A12E599-A407-40A8-8C71-61CF2BF9AB90}.Release|Any CPU.Deploy.0 = Release|Any CPU
		{1529E94B-DD8A-4F1B-A35A-60AB0297BFAF}.Debug|Any CPU.ActiveCfg = Debug|Any CPU
		{1529E94B-DD8A-4F1B-A35A-60AB0297BFAF}.Debug|Any CPU.Build.0 = Debug|Any CPU
		{1529E94B-DD8A-4F1B-A35A-60AB0297BFAF}.Debug|Any CPU.Deploy.0 = Debug|Any CPU
		{1529E94B-DD8A-4F1B-A35A-60AB0297BFAF}.Release|Any CPU.ActiveCfg = Release|Any CPU
		{1529E94B-DD8A-4F1B-A35A-60AB0297BFAF}.Release|Any CPU.Build.0 = Release|Any CPU
		{1529E94B-DD8A-4F1B-A35A-60AB0297BFAF}.Release|Any CPU.Deploy.0 = Release|Any CPU
		{386B6B2E-1EDE-4EF6-A27F-8639B38E3617}.Debug|Any CPU.ActiveCfg = Debug|Any CPU
		{386B6B2E-1EDE-4EF6-A27F-8639B38E3617}.Debug|Any CPU.Build.0 = Debug|Any CPU
		{386B6B2E-1EDE-4EF6-A27F-8639B38E3617}.Debug|Any CPU.Deploy.0 = Debug|Any CPU
		{386B6B2E-1EDE-4EF6-A27F-8639B38E3617}.Release|Any CPU.ActiveCfg = Release|Any CPU
		{386B6B2E-1EDE-4EF6-A27F-8639B38E3617}.Release|Any CPU.Build.0 = Release|Any CPU
		{386B6B2E-1EDE-4EF6-A27F-8639B38E3617}.Release|Any CPU.Deploy.0 = Release|Any CPU
		{7B16939E-21C8-47FB-9596-2823B8E178E5}.Debug|Any CPU.ActiveCfg = Debug|Any CPU
		{7B16939E-21C8-47FB-9596-2823B8E178E5}.Debug|Any CPU.Build.0 = Debug|Any CPU
		{7B16939E-21C8-47FB-9596-2823B8E178E5}.Debug|Any CPU.Deploy.0 = Debug|Any CPU
		{7B16939E-21C8-47FB-9596-2823B8E178E5}.Release|Any CPU.ActiveCfg = Release|Any CPU
		{7B16939E-21C8-47FB-9596-2823B8E178E5}.Release|Any CPU.Build.0 = Release|Any CPU
		{7B16939E-21C8-47FB-9596-2823B8E178E5}.Release|Any CPU.Deploy.0 = Release|Any CPU
		{DC9766FF-D2BD-4988-8537-384F5A400AB1}.Debug|Any CPU.ActiveCfg = Debug|Any CPU
		{DC9766FF-D2BD-4988-8537-384F5A400AB1}.Debug|Any CPU.Build.0 = Debug|Any CPU
		{DC9766FF-D2BD-4988-8537-384F5A400AB1}.Debug|Any CPU.Deploy.0 = Debug|Any CPU
		{DC9766FF-D2BD-4988-8537-384F5A400AB1}.Release|Any CPU.ActiveCfg = Release|Any CPU
		{DC9766FF-D2BD-4988-8537-384F5A400AB1}.Release|Any CPU.Build.0 = Release|Any CPU
		{DC9766FF-D2BD-4988-8537-384F5A400AB1}.Release|Any CPU.Deploy.0 = Release|Any CPU
		{661A80CB-C181-4D70-BEB5-C2DF34021F29}.Debug|Any CPU.ActiveCfg = Debug|Any CPU
		{661A80CB-C181-4D70-BEB5-C2DF34021F29}.Debug|Any CPU.Build.0 = Debug|Any CPU
		{661A80CB-C181-4D70-BEB5-C2DF34021F29}.Debug|Any CPU.Deploy.0 = Debug|Any CPU
		{661A80CB-C181-4D70-BEB5-C2DF34021F29}.Release|Any CPU.ActiveCfg = Release|Any CPU
		{661A80CB-C181-4D70-BEB5-C2DF34021F29}.Release|Any CPU.Build.0 = Release|Any CPU
		{661A80CB-C181-4D70-BEB5-C2DF34021F29}.Release|Any CPU.Deploy.0 = Release|Any CPU
		{C38B8D0D-F92D-47D3-8D8F-7CD59C86DCE2}.Debug|Any CPU.ActiveCfg = Debug|Any CPU
		{C38B8D0D-F92D-47D3-8D8F-7CD59C86DCE2}.Debug|Any CPU.Build.0 = Debug|Any CPU
		{C38B8D0D-F92D-47D3-8D8F-7CD59C86DCE2}.Debug|Any CPU.Deploy.0 = Debug|Any CPU
		{C38B8D0D-F92D-47D3-8D8F-7CD59C86DCE2}.Release|Any CPU.ActiveCfg = Release|Any CPU
		{C38B8D0D-F92D-47D3-8D8F-7CD59C86DCE2}.Release|Any CPU.Build.0 = Release|Any CPU
		{C38B8D0D-F92D-47D3-8D8F-7CD59C86DCE2}.Release|Any CPU.Deploy.0 = Release|Any CPU
		{CF3CD7A3-1F03-423B-AC49-4634948AF6FB}.Debug|Any CPU.ActiveCfg = Debug|Any CPU
		{CF3CD7A3-1F03-423B-AC49-4634948AF6FB}.Debug|Any CPU.Build.0 = Debug|Any CPU
		{CF3CD7A3-1F03-423B-AC49-4634948AF6FB}.Debug|Any CPU.Deploy.0 = Debug|Any CPU
		{CF3CD7A3-1F03-423B-AC49-4634948AF6FB}.Release|Any CPU.ActiveCfg = Release|Any CPU
		{CF3CD7A3-1F03-423B-AC49-4634948AF6FB}.Release|Any CPU.Build.0 = Release|Any CPU
		{CF3CD7A3-1F03-423B-AC49-4634948AF6FB}.Release|Any CPU.Deploy.0 = Release|Any CPU
		{3A0EA25B-236C-415C-8904-CB4B3552B722}.Debug|Any CPU.ActiveCfg = Debug|Any CPU
		{3A0EA25B-236C-415C-8904-CB4B3552B722}.Debug|Any CPU.Build.0 = Debug|Any CPU
		{3A0EA25B-236C-415C-8904-CB4B3552B722}.Debug|Any CPU.Deploy.0 = Debug|Any CPU
		{3A0EA25B-236C-415C-8904-CB4B3552B722}.Release|Any CPU.ActiveCfg = Release|Any CPU
		{3A0EA25B-236C-415C-8904-CB4B3552B722}.Release|Any CPU.Build.0 = Release|Any CPU
		{3A0EA25B-236C-415C-8904-CB4B3552B722}.Release|Any CPU.Deploy.0 = Release|Any CPU
		{56061836-AB21-4553-A596-C82381B25BD6}.Debug|Any CPU.ActiveCfg = Debug|Any CPU
		{56061836-AB21-4553-A596-C82381B25BD6}.Debug|Any CPU.Build.0 = Debug|Any CPU
		{56061836-AB21-4553-A596-C82381B25BD6}.Debug|Any CPU.Deploy.0 = Debug|Any CPU
		{56061836-AB21-4553-A596-C82381B25BD6}.Release|Any CPU.ActiveCfg = Release|Any CPU
		{56061836-AB21-4553-A596-C82381B25BD6}.Release|Any CPU.Build.0 = Release|Any CPU
		{56061836-AB21-4553-A596-C82381B25BD6}.Release|Any CPU.Deploy.0 = Release|Any CPU
		{66C77DB4-2EB8-4D2D-AB29-51972DA80C26}.Debug|Any CPU.ActiveCfg = Debug|Any CPU
		{66C77DB4-2EB8-4D2D-AB29-51972DA80C26}.Debug|Any CPU.Build.0 = Debug|Any CPU
		{66C77DB4-2EB8-4D2D-AB29-51972DA80C26}.Debug|Any CPU.Deploy.0 = Debug|Any CPU
		{66C77DB4-2EB8-4D2D-AB29-51972DA80C26}.Release|Any CPU.ActiveCfg = Release|Any CPU
		{66C77DB4-2EB8-4D2D-AB29-51972DA80C26}.Release|Any CPU.Build.0 = Release|Any CPU
		{66C77DB4-2EB8-4D2D-AB29-51972DA80C26}.Release|Any CPU.Deploy.0 = Release|Any CPU
		{287C7DA6-EA6B-4FF5-AD29-E620D13F5066}.Debug|Any CPU.ActiveCfg = Debug|Any CPU
		{287C7DA6-EA6B-4FF5-AD29-E620D13F5066}.Debug|Any CPU.Build.0 = Debug|Any CPU
		{287C7DA6-EA6B-4FF5-AD29-E620D13F5066}.Debug|Any CPU.Deploy.0 = Debug|Any CPU
		{287C7DA6-EA6B-4FF5-AD29-E620D13F5066}.Release|Any CPU.ActiveCfg = Release|Any CPU
		{287C7DA6-EA6B-4FF5-AD29-E620D13F5066}.Release|Any CPU.Build.0 = Release|Any CPU
		{287C7DA6-EA6B-4FF5-AD29-E620D13F5066}.Release|Any CPU.Deploy.0 = Release|Any CPU
		{1716ED7E-9C46-42C0-A43F-014B3088C628}.Debug|Any CPU.ActiveCfg = Debug|Any CPU
		{1716ED7E-9C46-42C0-A43F-014B3088C628}.Debug|Any CPU.Build.0 = Debug|Any CPU
		{1716ED7E-9C46-42C0-A43F-014B3088C628}.Debug|Any CPU.Deploy.0 = Debug|Any CPU
		{1716ED7E-9C46-42C0-A43F-014B3088C628}.Release|Any CPU.ActiveCfg = Release|Any CPU
		{1716ED7E-9C46-42C0-A43F-014B3088C628}.Release|Any CPU.Build.0 = Release|Any CPU
		{1716ED7E-9C46-42C0-A43F-014B3088C628}.Release|Any CPU.Deploy.0 = Release|Any CPU
		{02DC17D0-39F6-449D-8FAC-0FEF17540666}.Debug|Any CPU.ActiveCfg = Debug|Any CPU
		{02DC17D0-39F6-449D-8FAC-0FEF17540666}.Debug|Any CPU.Build.0 = Debug|Any CPU
		{02DC17D0-39F6-449D-8FAC-0FEF17540666}.Release|Any CPU.ActiveCfg = Release|Any CPU
		{02DC17D0-39F6-449D-8FAC-0FEF17540666}.Release|Any CPU.Build.0 = Release|Any CPU
	EndGlobalSection
	GlobalSection(SolutionProperties) = preSolution
		HideSolutionNode = FALSE
	EndGlobalSection
	GlobalSection(NestedProjects) = preSolution
		{02DC17D0-39F6-449D-8FAC-0FEF17540666} = {B6E4C0AB-B39C-4383-BB6B-E371BD476FAD}
		{B0591767-E80F-4396-8D73-F5336F786CBD} = {B6E4C0AB-B39C-4383-BB6B-E371BD476FAD}
	EndGlobalSection
EndGlobal
