
Microsoft Visual Studio Solution File, Format Version 12.00
# Visual Studio 2012
Project("{FAE04EC0-301F-11D3-BF4B-00C04F79EFBC}") = "WP8-SampleBluetooth", "WP8-SampleBluetooth\WP8-SampleBluetooth.csproj", "{F87407F0-21CC-4D40-A2F7-6089C5448658}"
EndProject
Global
	GlobalSection(SolutionConfigurationPlatforms) = preSolution
		Debug|Any CPU = Debug|Any CPU
		Debug|ARM = Debug|ARM
		Debug|x86 = Debug|x86
		Release|Any CPU = Release|Any CPU
		Release|ARM = Release|ARM
		Release|x86 = Release|x86
	EndGlobalSection
	GlobalSection(ProjectConfigurationPlatforms) = postSolution
		{F87407F0-21CC-4D40-A2F7-6089C5448658}.Debug|Any CPU.ActiveCfg = Debug|Any CPU
		{F87407F0-21CC-4D40-A2F7-6089C5448658}.Debug|Any CPU.Build.0 = Debug|Any CPU
		{F87407F0-21CC-4D40-A2F7-6089C5448658}.Debug|Any CPU.Deploy.0 = Debug|Any CPU
		{F87407F0-21CC-4D40-A2F7-6089C5448658}.Debug|ARM.ActiveCfg = Debug|ARM
		{F87407F0-21CC-4D40-A2F7-6089C5448658}.Debug|ARM.Build.0 = Debug|ARM
		{F87407F0-21CC-4D40-A2F7-6089C5448658}.Debug|ARM.Deploy.0 = Debug|ARM
		{F87407F0-21CC-4D40-A2F7-6089C5448658}.Debug|x86.ActiveCfg = Debug|x86
		{F87407F0-21CC-4D40-A2F7-6089C5448658}.Debug|x86.Build.0 = Debug|x86
		{F87407F0-21CC-4D40-A2F7-6089C5448658}.Debug|x86.Deploy.0 = Debug|x86
		{F87407F0-21CC-4D40-A2F7-6089C5448658}.Release|Any CPU.ActiveCfg = Release|Any CPU
		{F87407F0-21CC-4D40-A2F7-6089C5448658}.Release|Any CPU.Build.0 = Release|Any CPU
		{F87407F0-21CC-4D40-A2F7-6089C5448658}.Release|Any CPU.Deploy.0 = Release|Any CPU
		{F87407F0-21CC-4D40-A2F7-6089C5448658}.Release|ARM.ActiveCfg = Release|ARM
		{F87407F0-21CC-4D40-A2F7-6089C5448658}.Release|ARM.Build.0 = Release|ARM
		{F87407F0-21CC-4D40-A2F7-6089C5448658}.Release|ARM.Deploy.0 = Release|ARM
		{F87407F0-21CC-4D40-A2F7-6089C5448658}.Release|x86.ActiveCfg = Release|x86
		{F87407F0-21CC-4D40-A2F7-6089C5448658}.Release|x86.Build.0 = Release|x86
		{F87407F0-21CC-4D40-A2F7-6089C5448658}.Release|x86.Deploy.0 = Release|x86
	EndGlobalSection
	GlobalSection(SolutionProperties) = preSolution
		HideSolutionNode = FALSE
	EndGlobalSection
EndGlobal
